
Microsoft Visual Studio Solution File, Format Version 12.00
# Visual Studio 15
VisualStudioVersion = 15.0.26730.16
MinimumVisualStudioVersion = 10.0.40219.1
Project("{FAE04EC0-301F-11D3-BF4B-00C04F79EFBC}") = "GenerateRsaKeys", "GenerateRsaKeys\GenerateRsaKeys.csproj", "{686F39F8-CB8F-4678-B1C8-961BB4519CF1}"
EndProject
Global
	GlobalSection(SolutionConfigurationPlatforms) = preSolution
		Debug|Any CPU = Debug|Any CPU
		Release|Any CPU = Release|Any CPU
	EndGlobalSection
	GlobalSection(ProjectConfigurationPlatforms) = postSolution
		{686F39F8-CB8F-4678-B1C8-961BB4519CF1}.Debug|Any CPU.ActiveCfg = Debug|Any CPU
		{686F39F8-CB8F-4678-B1C8-961BB4519CF1}.Debug|Any CPU.Build.0 = Debug|Any CPU
		{686F39F8-CB8F-4678-B1C8-961BB4519CF1}.Release|Any CPU.ActiveCfg = Release|Any CPU
		{686F39F8-CB8F-4678-B1C8-961BB4519CF1}.Release|Any CPU.Build.0 = Release|Any CPU
	EndGlobalSection
	GlobalSection(SolutionProperties) = preSolution
		HideSolutionNode = FALSE
	EndGlobalSection
	GlobalSection(ExtensibilityGlobals) = postSolution
		SolutionGuid = {CF25B4FD-18F4-4755-A3C2-71AEB8D07876}
	EndGlobalSection
EndGlobal
